{
  "name": "website_v2",
  "lockfileVersion": 3,
  "requires": true,
  "packages": {
    "": {
      "dependencies": {
        "lucide-react": "^0.514.0",
        "motion": "^12.16.0",
        "react-icons": "^5.5.0",
        "simple-icons": "^15.1.0"
      }
    },
    "node_modules/framer-motion": {
      "version": "12.16.0",
      "resolved": "https://registry.npmjs.org/framer-motion/-/framer-motion-12.16.0.tgz",
      "integrity": "sha512-xryrmD4jSBQrS2IkMdcTmiS4aSKckbS7kLDCuhUn9110SQKG1w3zlq1RTqCblewg+ZYe+m3sdtzQA6cRwo5g8Q==",
      "license": "MIT",
      "dependencies": {
        "motion-dom": "^12.16.0",
        "motion-utils": "^12.12.1",
        "tslib": "^2.4.0"
      },
      "peerDependencies": {
        "@emotion/is-prop-valid": "*",
        "react": "^18.0.0 || ^19.0.0",
        "react-dom": "^18.0.0 || ^19.0.0"
      },
      "peerDependenciesMeta": {
        "@emotion/is-prop-valid": {
          "optional": true
        },
        "react": {
          "optional": true
        },
        "react-dom": {
          "optional": true
        }
      }
    },
    "node_modules/lucide-react": {
      "version": "0.514.0",
      "resolved": "https://registry.npmjs.org/lucide-react/-/lucide-react-0.514.0.tgz",
      "integrity": "sha512-HXD0OAMd+JM2xCjlwG1EGW9Nuab64dhjO3+MvdyD+pSUeOTBaVAPhQblKIYmmX4RyBYbdzW0VWnJpjJmxWGr6w==",
      "license": "ISC",
      "peerDependencies": {
        "react": "^16.5.1 || ^17.0.0 || ^18.0.0 || ^19.0.0"
      }
    },
    "node_modules/motion": {
      "version": "12.16.0",
      "resolved": "https://registry.npmjs.org/motion/-/motion-12.16.0.tgz",
      "integrity": "sha512-P3HA83fnPMEGBLfKdD5vDdjH1Aa3wM3jT3+HX3fCVpy/4/lJiqvABajLgZenBu+rzkFzmeaPkvT7ouf9Tq5tVQ==",
      "license": "MIT",
      "dependencies": {
        "framer-motion": "^12.16.0",
        "tslib": "^2.4.0"
      },
      "peerDependencies": {
        "@emotion/is-prop-valid": "*",
        "react": "^18.0.0 || ^19.0.0",
        "react-dom": "^18.0.0 || ^19.0.0"
      },
      "peerDependenciesMeta": {
        "@emotion/is-prop-valid": {
          "optional": true
        },
        "react": {
          "optional": true
        },
        "react-dom": {
          "optional": true
        }
      }
    },
    "node_modules/motion-dom": {
      "version": "12.16.0",
      "resolved": "https://registry.npmjs.org/motion-dom/-/motion-dom-12.16.0.tgz",
      "integrity": "sha512-Z2nGwWrrdH4egLEtgYMCEN4V2qQt1qxlKy/uV7w691ztyA41Q5Rbn0KNGbsNVDZr9E8PD2IOQ3hSccRnB6xWzw==",
      "license": "MIT",
      "dependencies": {
        "motion-utils": "^12.12.1"
      }
    },
    "node_modules/motion-utils": {
      "version": "12.12.1",
      "resolved": "https://registry.npmjs.org/motion-utils/-/motion-utils-12.12.1.tgz",
      "integrity": "sha512-f9qiqUHm7hWSLlNW8gS9pisnsN7CRFRD58vNjptKdsqFLpkVnX00TNeD6Q0d27V9KzT7ySFyK1TZ/DShfVOv6w==",
      "license": "MIT"
    },
    "node_modules/react": {
      "version": "19.1.0",
      "resolved": "https://registry.npmjs.org/react/-/react-19.1.0.tgz",
      "integrity": "sha512-FS+XFBNvn3GTAWq26joslQgWNoFu08F4kl0J4CgdNKADkdSGXQyTCnKteIAJy96Br6YbpEU1LSzV5dYtjMkMDg==",
      "license": "MIT",
      "peer": true,
      "engines": {
        "node": ">=0.10.0"
      }
    },
    "node_modules/react-icons": {
      "version": "5.5.0",
      "resolved": "https://registry.npmjs.org/react-icons/-/react-icons-5.5.0.tgz",
      "integrity": "sha512-MEFcXdkP3dLo8uumGI5xN3lDFNsRtrjbOEKDLD7yv76v4wpnEq2Lt2qeHaQOr34I/wPN3s3+N08WkQ+CW37Xiw==",
      "license": "MIT",
      "peerDependencies": {
        "react": "*"
      }
    },
    "node_modules/simple-icons": {
      "version": "15.1.0",
      "resolved": "https://registry.npmjs.org/simple-icons/-/simple-icons-15.1.0.tgz",
      "integrity": "sha512-7wj0OeOJvGSgNEIrMm1MGhoX7CEV5R+T0Q5HmXzfakrue84qCZNV9l9eG092c14BbiuGgljdwFkLy3rQQaDJyg==",
      "funding": [
        {
          "type": "opencollective",
          "url": "https://opencollective.com/simple-icons"
        },
        {
          "type": "github",
          "url": "https://github.com/sponsors/simple-icons"
        }
      ],
      "license": "CC0-1.0",
      "engines": {
        "node": ">=0.12.18"
      }
    },
    "node_modules/tslib": {
      "version": "2.8.1",
      "resolved": "https://registry.npmjs.org/tslib/-/tslib-2.8.1.tgz",
      "integrity": "sha512-oJFu94HQb+KVduSUQL7wnpmqnfmLsOA/nAh6b6EH0wCEoK0/mPeXU6c3wKDV83MkOuHPRHtSXKKU99IBazS/2w==",
      "license": "0BSD"
    }
  }
}
